
Microsoft Visual Studio Solution File, Format Version 12.00
# Visual Studio 15
VisualStudioVersion = 15.0.26430.6
MinimumVisualStudioVersion = 10.0.40219.1
Project("{FAE04EC0-301F-11D3-BF4B-00C04F79EFBC}") = "ThriftClient", "ThriftClient\ThriftClient.csproj", "{B06721DC-6CF1-4DBE-B74E-7709BF416F50}"
EndProject
Project("{FAE04EC0-301F-11D3-BF4B-00C04F79EFBC}") = "ThriftServer", "ThriftServer\ThriftServer.csproj", "{F84D64B0-70E6-4A84-BF5F-82E87E1466F6}"
EndProject
Project("{FAE04EC0-301F-11D3-BF4B-00C04F79EFBC}") = "UnitTestClient", "UnitTestClient\UnitTestClient.csproj", "{0A1B2B71-C7EB-4C29-8F51-96D921F7C725}"
EndProject
Project("{FAE04EC0-301F-11D3-BF4B-00C04F79EFBC}") = "UnitTestServer", "UnitTestServer\UnitTestServer.csproj", "{1AC76092-B721-4734-BE7C-E6C8D8F3609B}"
	ProjectSection(ProjectDependencies) = postProject
		{F84D64B0-70E6-4A84-BF5F-82E87E1466F6} = {F84D64B0-70E6-4A84-BF5F-82E87E1466F6}
	EndProjectSection
EndProject
Global
	GlobalSection(SolutionConfigurationPlatforms) = preSolution
		Debug|Any CPU = Debug|Any CPU
		Release|Any CPU = Release|Any CPU
	EndGlobalSection
	GlobalSection(ProjectConfigurationPlatforms) = postSolution
		{B06721DC-6CF1-4DBE-B74E-7709BF416F50}.Debug|Any CPU.ActiveCfg = Debug|Any CPU
		{B06721DC-6CF1-4DBE-B74E-7709BF416F50}.Debug|Any CPU.Build.0 = Debug|Any CPU
		{B06721DC-6CF1-4DBE-B74E-7709BF416F50}.Release|Any CPU.ActiveCfg = Release|Any CPU
		{B06721DC-6CF1-4DBE-B74E-7709BF416F50}.Release|Any CPU.Build.0 = Release|Any CPU
		{F84D64B0-70E6-4A84-BF5F-82E87E1466F6}.Debug|Any CPU.ActiveCfg = Debug|Any CPU
		{F84D64B0-70E6-4A84-BF5F-82E87E1466F6}.Debug|Any CPU.Build.0 = Debug|Any CPU
		{F84D64B0-70E6-4A84-BF5F-82E87E1466F6}.Release|Any CPU.ActiveCfg = Release|Any CPU
		{F84D64B0-70E6-4A84-BF5F-82E87E1466F6}.Release|Any CPU.Build.0 = Release|Any CPU
		{0A1B2B71-C7EB-4C29-8F51-96D921F7C725}.Debug|Any CPU.ActiveCfg = Debug|Any CPU
		{0A1B2B71-C7EB-4C29-8F51-96D921F7C725}.Debug|Any CPU.Build.0 = Debug|Any CPU
		{0A1B2B71-C7EB-4C29-8F51-96D921F7C725}.Release|Any CPU.ActiveCfg = Release|Any CPU
		{0A1B2B71-C7EB-4C29-8F51-96D921F7C725}.Release|Any CPU.Build.0 = Release|Any CPU
		{1AC76092-B721-4734-BE7C-E6C8D8F3609B}.Debug|Any CPU.ActiveCfg = Debug|Any CPU
		{1AC76092-B721-4734-BE7C-E6C8D8F3609B}.Debug|Any CPU.Build.0 = Debug|Any CPU
		{1AC76092-B721-4734-BE7C-E6C8D8F3609B}.Release|Any CPU.ActiveCfg = Release|Any CPU
		{1AC76092-B721-4734-BE7C-E6C8D8F3609B}.Release|Any CPU.Build.0 = Release|Any CPU
	EndGlobalSection
	GlobalSection(SolutionProperties) = preSolution
		HideSolutionNode = FALSE
	EndGlobalSection
EndGlobal
